// !$*UTF8*$!
{
	archiveVersion = 1;
	classes = {
	};
	objectVersion = 46;
	objects = {

/* Begin PBXBuildFile section */
		33D22F171C769CE000C137B4 /* AppDelegate.swift in Sources */ = {isa = PBXBuildFile; fileRef = 33D22F161C769CE000C137B4 /* AppDelegate.swift */; };
		33D22F191C769CE000C137B4 /* ViewController.swift in Sources */ = {isa = PBXBuildFile; fileRef = 33D22F181C769CE000C137B4 /* ViewController.swift */; };
		33D22F1C1C769CE000C137B4 /* Main.storyboard in Resources */ = {isa = PBXBuildFile; fileRef = 33D22F1A1C769CE000C137B4 /* Main.storyboard */; };
		33D22F1E1C769CE000C137B4 /* Assets.xcassets in Resources */ = {isa = PBXBuildFile; fileRef = 33D22F1D1C769CE000C137B4 /* Assets.xcassets */; };
		33D22F211C769CE000C137B4 /* LaunchScreen.storyboard in Resources */ = {isa = PBXBuildFile; fileRef = 33D22F1F1C769CE000C137B4 /* LaunchScreen.storyboard */; };
		33D22F2C1C769CE000C137B4 /* Scavenger_HuntTests.swift in Sources */ = {isa = PBXBuildFile; fileRef = 33D22F2B1C769CE000C137B4 /* Scavenger_HuntTests.swift */; };
		33D22F371C769CE000C137B4 /* Scavenger_HuntUITests.swift in Sources */ = {isa = PBXBuildFile; fileRef = 33D22F361C769CE000C137B4 /* Scavenger_HuntUITests.swift */; };
/* End PBXBuildFile section */

/* Begin PBXContainerItemProxy section */
		33D22F281C769CE000C137B4 /* PBXContainerItemProxy */ = {
			isa = PBXContainerItemProxy;
			containerPortal = 33D22F0B1C769CE000C137B4 /* Project object */;
			proxyType = 1;
			remoteGlobalIDString = 33D22F121C769CE000C137B4;
			remoteInfo = "Scavenger Hunt";
		};
		33D22F331C769CE000C137B4 /* PBXContainerItemProxy */ = {
			isa = PBXContainerItemProxy;
			containerPortal = 33D22F0B1C769CE000C137B4 /* Project object */;
			proxyType = 1;
			remoteGlobalIDString = 33D22F121C769CE000C137B4;
			remoteInfo = "Scavenger Hunt";
		};
/* End PBXContainerItemProxy section */

/* Begin PBXFileReference section */
		33D22F131C769CE000C137B4 /* Scavenger Hunt.app */ = {isa = PBXFileReference; explicitFileType = wrapper.application; includeInIndex = 0; path = "Scavenger Hunt.app"; sourceTree = BUILT_PRODUCTS_DIR; };
		33D22F161C769CE000C137B4 /* AppDelegate.swift */ = {isa = PBXFileReference; lastKnownFileType = sourcecode.swift; path = AppDelegate.swift; sourceTree = "<group>"; };
		33D22F181C769CE000C137B4 /* ViewController.swift */ = {isa = PBXFileReference; lastKnownFileType = sourcecode.swift; path = ViewController.swift; sourceTree = "<group>"; };
		33D22F1B1C769CE000C137B4 /* Base */ = {isa = PBXFileReference; lastKnownFileType = file.storyboard; name = Base; path = Base.lproj/Main.storyboard; sourceTree = "<group>"; };
		33D22F1D1C769CE000C137B4 /* Assets.xcassets */ = {isa = PBXFileReference; lastKnownFileType = folder.assetcatalog; path = Assets.xcassets; sourceTree = "<group>"; };
		33D22F201C769CE000C137B4 /* Base */ = {isa = PBXFileReference; lastKnownFileType = file.storyboard; name = Base; path = Base.lproj/LaunchScreen.storyboard; sourceTree = "<group>"; };
		33D22F221C769CE000C137B4 /* Info.plist */ = {isa = PBXFileReference; lastKnownFileType = text.plist.xml; path = Info.plist; sourceTree = "<group>"; };
		33D22F271C769CE000C137B4 /* Scavenger HuntTests.xctest */ = {isa = PBXFileReference; explicitFileType = wrapper.cfbundle; includeInIndex = 0; path = "Scavenger HuntTests.xctest"; sourceTree = BUILT_PRODUCTS_DIR; };
		33D22F2B1C769CE000C137B4 /* Scavenger_HuntTests.swift */ = {isa = PBXFileReference; lastKnownFileType = sourcecode.swift; path = Scavenger_HuntTests.swift; sourceTree = "<group>"; };
		33D22F2D1C769CE000C137B4 /* Info.plist */ = {isa = PBXFileReference; lastKnownFileType = text.plist.xml; path = Info.plist; sourceTree = "<group>"; };
		33D22F321C769CE000C137B4 /* Scavenger HuntUITests.xctest */ = {isa = PBXFileReference; explicitFileType = wrapper.cfbundle; includeInIndex = 0; path = "Scavenger HuntUITests.xctest"; sourceTree = BUILT_PRODUCTS_DIR; };
		33D22F361C769CE000C137B4 /* Scavenger_HuntUITests.swift */ = {isa = PBXFileReference; lastKnownFileType = sourcecode.swift; path = Scavenger_HuntUITests.swift; sourceTree = "<group>"; };
		33D22F381C769CE000C137B4 /* Info.plist */ = {isa = PBXFileReference; lastKnownFileType = text.plist.xml; path = Info.plist; sourceTree = "<group>"; };
/* End PBXFileReference section */

/* Begin PBXFrameworksBuildPhase section */
		33D22F101C769CE000C137B4 /* Frameworks */ = {
			isa = PBXFrameworksBuildPhase;
			buildActionMask = 2147483647;
			files = (
			);
			runOnlyForDeploymentPostprocessing = 0;
		};
		33D22F241C769CE000C137B4 /* Frameworks */ = {
			isa = PBXFrameworksBuildPhase;
			buildActionMask = 2147483647;
			files = (
			);
			runOnlyForDeploymentPostprocessing = 0;
		};
		33D22F2F1C769CE000C137B4 /* Frameworks */ = {
			isa = PBXFrameworksBuildPhase;
			buildActionMask = 2147483647;
			files = (
			);
			runOnlyForDeploymentPostprocessing = 0;
		};
/* End PBXFrameworksBuildPhase section */

/* Begin PBXGroup section */
		33D22F0A1C769CE000C137B4 = {
			isa = PBXGroup;
			children = (
				33D22F151C769CE000C137B4 /* Scavenger Hunt */,
				33D22F2A1C769CE000C137B4 /* Scavenger HuntTests */,
				33D22F351C769CE000C137B4 /* Scavenger HuntUITests */,
				33D22F141C769CE000C137B4 /* Products */,
			);
			sourceTree = "<group>";
		};
		33D22F141C769CE000C137B4 /* Products */ = {
			isa = PBXGroup;
			children = (
				33D22F131C769CE000C137B4 /* Scavenger Hunt.app */,
				33D22F271C769CE000C137B4 /* Scavenger HuntTests.xctest */,
				33D22F321C769CE000C137B4 /* Scavenger HuntUITests.xctest */,
			);
			name = Products;
			sourceTree = "<group>";
		};
		33D22F151C769CE000C137B4 /* Scavenger Hunt */ = {
			isa = PBXGroup;
			children = (
				33D22F161C769CE000C137B4 /* AppDelegate.swift */,
				33D22F181C769CE000C137B4 /* ViewController.swift */,
				33D22F1A1C769CE000C137B4 /* Main.storyboard */,
				33D22F1D1C769CE000C137B4 /* Assets.xcassets */,
				33D22F1F1C769CE000C137B4 /* LaunchScreen.storyboard */,
				33D22F221C769CE000C137B4 /* Info.plist */,
			);
			path = "Scavenger Hunt";
			sourceTree = "<group>";
		};
		33D22F2A1C769CE000C137B4 /* Scavenger HuntTests */ = {
			isa = PBXGroup;
			children = (
				33D22F2B1C769CE000C137B4 /* Scavenger_HuntTests.swift */,
				33D22F2D1C769CE000C137B4 /* Info.plist */,
			);
			path = "Scavenger HuntTests";
			sourceTree = "<group>";
		};
		33D22F351C769CE000C137B4 /* Scavenger HuntUITests */ = {
			isa = PBXGroup;
			children = (
				33D22F361C769CE000C137B4 /* Scavenger_HuntUITests.swift */,
				33D22F381C769CE000C137B4 /* Info.plist */,
			);
			path = "Scavenger HuntUITests";
			sourceTree = "<group>";
		};
/* End PBXGroup section */

/* Begin PBXNativeTarget section */
		33D22F121C769CE000C137B4 /* Scavenger Hunt */ = {
			isa = PBXNativeTarget;
			buildConfigurationList = 33D22F3B1C769CE000C137B4 /* Build configuration list for PBXNativeTarget "Scavenger Hunt" */;
			buildPhases = (
				33D22F0F1C769CE000C137B4 /* Sources */,
				33D22F101C769CE000C137B4 /* Frameworks */,
				33D22F111C769CE000C137B4 /* Resources */,
			);
			buildRules = (
			);
			dependencies = (
			);
			name = "Scavenger Hunt";
			productName = "Scavenger Hunt";
			productReference = 33D22F131C769CE000C137B4 /* Scavenger Hunt.app */;
			productType = "com.apple.product-type.application";
		};
		33D22F261C769CE000C137B4 /* Scavenger HuntTests */ = {
			isa = PBXNativeTarget;
			buildConfigurationList = 33D22F3E1C769CE000C137B4 /* Build configuration list for PBXNativeTarget "Scavenger HuntTests" */;
			buildPhases = (
				33D22F231C769CE000C137B4 /* Sources */,
				33D22F241C769CE000C137B4 /* Frameworks */,
				33D22F251C769CE000C137B4 /* Resources */,
			);
			buildRules = (
			);
			dependencies = (
				33D22F291C769CE000C137B4 /* PBXTargetDependency */,
			);
			name = "Scavenger HuntTests";
			productName = "Scavenger HuntTests";
			productReference = 33D22F271C769CE000C137B4 /* Scavenger HuntTests.xctest */;
			productType = "com.apple.product-type.bundle.unit-test";
		};
		33D22F311C769CE000C137B4 /* Scavenger HuntUITests */ = {
			isa = PBXNativeTarget;
			buildConfigurationList = 33D22F411C769CE000C137B4 /* Build configuration list for PBXNativeTarget "Scavenger HuntUITests" */;
			buildPhases = (
				33D22F2E1C769CE000C137B4 /* Sources */,
				33D22F2F1C769CE000C137B4 /* Frameworks */,
				33D22F301C769CE000C137B4 /* Resources */,
			);
			buildRules = (
			);
			dependencies = (
				33D22F341C769CE000C137B4 /* PBXTargetDependency */,
			);
			name = "Scavenger HuntUITests";
			productName = "Scavenger HuntUITests";
			productReference = 33D22F321C769CE000C137B4 /* Scavenger HuntUITests.xctest */;
			productType = "com.apple.product-type.bundle.ui-testing";
		};
/* End PBXNativeTarget section */

/* Begin PBXProject section */
		33D22F0B1C769CE000C137B4 /* Project object */ = {
			isa = PBXProject;
			attributes = {
				LastSwiftUpdateCheck = 0720;
				LastUpgradeCheck = 0720;
				ORGANIZATIONNAME = "Sonya Khan";
				TargetAttributes = {
					33D22F121C769CE000C137B4 = {
						CreatedOnToolsVersion = 7.2.1;
					};
					33D22F261C769CE000C137B4 = {
						CreatedOnToolsVersion = 7.2.1;
						TestTargetID = 33D22F121C769CE000C137B4;
					};
					33D22F311C769CE000C137B4 = {
						CreatedOnToolsVersion = 7.2.1;
						TestTargetID = 33D22F121C769CE000C137B4;
					};
				};
			};
			buildConfigurationList = 33D22F0E1C769CE000C137B4 /* Build configuration list for PBXProject "Scavenger Hunt" */;
			compatibilityVersion = "Xcode 3.2";
			developmentRegion = English;
			hasScannedForEncodings = 0;
			knownRegions = (
				en,
				Base,
			);
			mainGroup = 33D22F0A1C769CE000C137B4;
			productRefGroup = 33D22F141C769CE000C137B4 /* Products */;
			projectDirPath = "";
			projectRoot = "";
			targets = (
				33D22F121C769CE000C137B4 /* Scavenger Hunt */,
				33D22F261C769CE000C137B4 /* Scavenger HuntTests */,
				33D22F311C769CE000C137B4 /* Scavenger HuntUITests */,
			);
		};
/* End PBXProject section */

/* Begin PBXResourcesBuildPhase section */
		33D22F111C769CE000C137B4 /* Resources */ = {
			isa = PBXResourcesBuildPhase;
			buildActionMask = 2147483647;
			files = (
				33D22F211C769CE000C137B4 /* LaunchScreen.storyboard in Resources */,
				33D22F1E1C769CE000C137B4 /* Assets.xcassets in Resources */,
				33D22F1C1C769CE000C137B4 /* Main.storyboard in Resources */,
			);
			runOnlyForDeploymentPostprocessing = 0;
		};
		33D22F251C769CE000C137B4 /* Resources */ = {
			isa = PBXResourcesBuildPhase;
			buildActionMask = 2147483647;
			files = (
			);
			runOnlyForDeploymentPostprocessing = 0;
		};
		33D22F301C769CE000C137B4 /* Resources */ = {
			isa = PBXResourcesBuildPhase;
			buildActionMask = 2147483647;
			files = (
			);
			runOnlyForDeploymentPostprocessing = 0;
		};
/* End PBXResourcesBuildPhase section */

/* Begin PBXSourcesBuildPhase section */
		33D22F0F1C769CE000C137B4 /* Sources */ = {
			isa = PBXSourcesBuildPhase;
			buildActionMask = 2147483647;
			files = (
				33D22F191C769CE000C137B4 /* ViewController.swift in Sources */,
				33D22F171C769CE000C137B4 /* AppDelegate.swift in Sources */,
			);
			runOnlyForDeploymentPostprocessing = 0;
		};
		33D22F231C769CE000C137B4 /* Sources */ = {
			isa = PBXSourcesBuildPhase;
			buildActionMask = 2147483647;
			files = (
				33D22F2C1C769CE000C137B4 /* Scavenger_HuntTests.swift in Sources */,
			);
			runOnlyForDeploymentPostprocessing = 0;
		};
		33D22F2E1C769CE000C137B4 /* Sources */ = {
			isa = PBXSourcesBuildPhase;
			buildActionMask = 2147483647;
			files = (
				33D22F371C769CE000C137B4 /* Scavenger_HuntUITests.swift in Sources */,
			);
			runOnlyForDeploymentPostprocessing = 0;
		};
/* End PBXSourcesBuildPhase section */

/* Begin PBXTargetDependency section */
		33D22F291C769CE000C137B4 /* PBXTargetDependency */ = {
			isa = PBXTargetDependency;
			target = 33D22F121C769CE000C137B4 /* Scavenger Hunt */;
			targetProxy = 33D22F281C769CE000C137B4 /* PBXContainerItemProxy */;
		};
		33D22F341C769CE000C137B4 /* PBXTargetDependency */ = {
			isa = PBXTargetDependency;
			target = 33D22F121C769CE000C137B4 /* Scavenger Hunt */;
			targetProxy = 33D22F331C769CE000C137B4 /* PBXContainerItemProxy */;
		};
/* End PBXTargetDependency section */

/* Begin PBXVariantGroup section */
		33D22F1A1C769CE000C137B4 /* Main.storyboard */ = {
			isa = PBXVariantGroup;
			children = (
				33D22F1B1C769CE000C137B4 /* Base */,
			);
			name = Main.storyboard;
			sourceTree = "<group>";
		};
		33D22F1F1C769CE000C137B4 /* LaunchScreen.storyboard */ = {
			isa = PBXVariantGroup;
			children = (
				33D22F201C769CE000C137B4 /* Base */,
			);
			name = LaunchScreen.storyboard;
			sourceTree = "<group>";
		};
/* End PBXVariantGroup section */

/* Begin XCBuildConfiguration section */
		33D22F391C769CE000C137B4 /* Debug */ = {
			isa = XCBuildConfiguration;
			buildSettings = {
				ALWAYS_SEARCH_USER_PATHS = NO;
				CLANG_CXX_LANGUAGE_STANDARD = "gnu++0x";
				CLANG_CXX_LIBRARY = "libc++";
				CLANG_ENABLE_MODULES = YES;
				CLANG_ENABLE_OBJC_ARC = YES;
				CLANG_WARN_BOOL_CONVERSION = YES;
				CLANG_WARN_CONSTANT_CONVERSION = YES;
				CLANG_WARN_DIRECT_OBJC_ISA_USAGE = YES_ERROR;
				CLANG_WARN_EMPTY_BODY = YES;
				CLANG_WARN_ENUM_CONVERSION = YES;
				CLANG_WARN_INT_CONVERSION = YES;
				CLANG_WARN_OBJC_ROOT_CLASS = YES_ERROR;
				CLANG_WARN_UNREACHABLE_CODE = YES;
				CLANG_WARN__DUPLICATE_METHOD_MATCH = YES;
				"CODE_SIGN_IDENTITY[sdk=iphoneos*]" = "iPhone Developer";
				COPY_PHASE_STRIP = NO;
				DEBUG_INFORMATION_FORMAT = dwarf;
				ENABLE_STRICT_OBJC_MSGSEND = YES;
				ENABLE_TESTABILITY = YES;
				GCC_C_LANGUAGE_STANDARD = gnu99;
				GCC_DYNAMIC_NO_PIC = NO;
				GCC_NO_COMMON_BLOCKS = YES;
				GCC_OPTIMIZATION_LEVEL = 0;
				GCC_PREPROCESSOR_DEFINITIONS = (
					"DEBUG=1",
					"$(inherited)",
				);
				GCC_WARN_64_TO_32_BIT_CONVERSION = YES;
				GCC_WARN_ABOUT_RETURN_TYPE = YES_ERROR;
				GCC_WARN_UNDECLARED_SELECTOR = YES;
				GCC_WARN_UNINITIALIZED_AUTOS = YES_AGGRESSIVE;
				GCC_WARN_UNUSED_FUNCTION = YES;
				GCC_WARN_UNUSED_VARIABLE = YES;
				IPHONEOS_DEPLOYMENT_TARGET = 9.2;
				MTL_ENABLE_DEBUG_INFO = YES;
				ONLY_ACTIVE_ARCH = YES;
				SDKROOT = iphoneos;
				SWIFT_OPTIMIZATION_LEVEL = "-Onone";
				TARGETED_DEVICE_FAMILY = "1,2";
			};
			name = Debug;
		};
		33D22F3A1C769CE000C137B4 /* Release */ = {
			isa = XCBuildConfiguration;
			buildSettings = {
				ALWAYS_SEARCH_USER_PATHS = NO;
				CLANG_CXX_LANGUAGE_STANDARD = "gnu++0x";
				CLANG_CXX_LIBRARY = "libc++";
				CLANG_ENABLE_MODULES = YES;
				CLANG_ENABLE_OBJC_ARC = YES;
				CLANG_WARN_BOOL_CONVERSION = YES;
				CLANG_WARN_CONSTANT_CONVERSION = YES;
				CLANG_WARN_DIRECT_OBJC_ISA_USAGE = YES_ERROR;
				CLANG_WARN_EMPTY_BODY = YES;
				CLANG_WARN_ENUM_CONVERSION = YES;
				CLANG_WARN_INT_CONVERSION = YES;
				CLANG_WARN_OBJC_ROOT_CLASS = YES_ERROR;
				CLANG_WARN_UNREACHABLE_CODE = YES;
				CLANG_WARN__DUPLICATE_METHOD_MATCH = YES;
				"CODE_SIGN_IDENTITY[sdk=iphoneos*]" = "iPhone Developer";
				COPY_PHASE_STRIP = NO;
				DEBUG_INFORMATION_FORMAT = "dwarf-with-dsym";
				ENABLE_NS_ASSERTIONS = NO;
				ENABLE_STRICT_OBJC_MSGSEND = YES;
				GCC_C_LANGUAGE_STANDARD = gnu99;
				GCC_NO_COMMON_BLOCKS = YES;
				GCC_WARN_64_TO_32_BIT_CONVERSION = YES;
				GCC_WARN_ABOUT_RETURN_TYPE = YES_ERROR;
				GCC_WARN_UNDECLARED_SELECTOR = YES;
				GCC_WARN_UNINITIALIZED_AUTOS = YES_AGGRESSIVE;
				GCC_WARN_UNUSED_FUNCTION = YES;
				GCC_WARN_UNUSED_VARIABLE = YES;
				IPHONEOS_DEPLOYMENT_TARGET = 9.2;
				MTL_ENABLE_DEBUG_INFO = NO;
				SDKROOT = iphoneos;
				TARGETED_DEVICE_FAMILY = "1,2";
				VALIDATE_PRODUCT = YES;
			};
			name = Release;
		};
		33D22F3C1C769CE000C137B4 /* Debug */ = {
			isa = XCBuildConfiguration;
			buildSettings = {
				ASSETCATALOG_COMPILER_APPICON_NAME = AppIcon;
				INFOPLIST_FILE = "Scavenger Hunt/Info.plist";
				LD_RUNPATH_SEARCH_PATHS = "$(inherited) @executable_path/Frameworks";
				PRODUCT_BUNDLE_IDENTIFIER = "com.sonyakhan.Scavenger-Hunt";
				PRODUCT_NAME = "$(TARGET_NAME)";
			};
			name = Debug;
		};
		33D22F3D1C769CE000C137B4 /* Release */ = {
			isa = XCBuildConfiguration;
			buildSettings = {
				ASSETCATALOG_COMPILER_APPICON_NAME = AppIcon;
				INFOPLIST_FILE = "Scavenger Hunt/Info.plist";
				LD_RUNPATH_SEARCH_PATHS = "$(inherited) @executable_path/Frameworks";
				PRODUCT_BUNDLE_IDENTIFIER = "com.sonyakhan.Scavenger-Hunt";
				PRODUCT_NAME = "$(TARGET_NAME)";
			};
			name = Release;
		};
		33D22F3F1C769CE000C137B4 /* Debug */ = {
			isa = XCBuildConfiguration;
			buildSettings = {
				BUNDLE_LOADER = "$(TEST_HOST)";
				INFOPLIST_FILE = "Scavenger HuntTests/Info.plist";
				LD_RUNPATH_SEARCH_PATHS = "$(inherited) @executable_path/Frameworks @loader_path/Frameworks";
				PRODUCT_BUNDLE_IDENTIFIER = "com.sonyakhan.Scavenger-HuntTests";
				PRODUCT_NAME = "$(TARGET_NAME)";
				TEST_HOST = "$(BUILT_PRODUCTS_DIR)/Scavenger Hunt.app/Scavenger Hunt";
			};
			name = Debug;
		};
		33D22F401C769CE000C137B4 /* Release */ = {
			isa = XCBuildConfiguration;
			buildSettings = {
				BUNDLE_LOADER = "$(TEST_HOST)";
				INFOPLIST_FILE = "Scavenger HuntTests/Info.plist";
				LD_RUNPATH_SEARCH_PATHS = "$(inherited) @executable_path/Frameworks @loader_path/Frameworks";
				PRODUCT_BUNDLE_IDENTIFIER = "com.sonyakhan.Scavenger-HuntTests";
				PRODUCT_NAME = "$(TARGET_NAME)";
				TEST_HOST = "$(BUILT_PRODUCTS_DIR)/Scavenger Hunt.app/Scavenger Hunt";
			};
			name = Release;
		};
		33D22F421C769CE000C137B4 /* Debug */ = {
			isa = XCBuildConfiguration;
			buildSettings = {
				INFOPLIST_FILE = "Scavenger HuntUITests/Info.plist";
				LD_RUNPATH_SEARCH_PATHS = "$(inherited) @executable_path/Frameworks @loader_path/Frameworks";
				PRODUCT_BUNDLE_IDENTIFIER = "com.sonyakhan.Scavenger-HuntUITests";
				PRODUCT_NAME = "$(TARGET_NAME)";
				TEST_TARGET_NAME = "Scavenger Hunt";
				USES_XCTRUNNER = YES;
			};
			name = Debug;
		};
		33D22F431C769CE000C137B4 /* Release */ = {
			isa = XCBuildConfiguration;
			buildSettings = {
				INFOPLIST_FILE = "Scavenger HuntUITests/Info.plist";
				LD_RUNPATH_SEARCH_PATHS = "$(inherited) @executable_path/Frameworks @loader_path/Frameworks";
				PRODUCT_BUNDLE_IDENTIFIER = "com.sonyakhan.Scavenger-HuntUITests";
				PRODUCT_NAME = "$(TARGET_NAME)";
				TEST_TARGET_NAME = "Scavenger Hunt";
				USES_XCTRUNNER = YES;
			};
			name = Release;
		};
/* End XCBuildConfiguration section */

/* Begin XCConfigurationList section */
		33D22F0E1C769CE000C137B4 /* Build configuration list for PBXProject "Scavenger Hunt" */ = {
			isa = XCConfigurationList;
			buildConfigurations = (
				33D22F391C769CE000C137B4 /* Debug */,
				33D22F3A1C769CE000C137B4 /* Release */,
			);
			defaultConfigurationIsVisible = 0;
			defaultConfigurationName = Release;
		};
		33D22F3B1C769CE000C137B4 /* Build configuration list for PBXNativeTarget "Scavenger Hunt" */ = {
			isa = XCConfigurationList;
			buildConfigurations = (
				33D22F3C1C769CE000C137B4 /* Debug */,
				33D22F3D1C769CE000C137B4 /* Release */,
			);
			defaultConfigurationIsVisible = 0;
		};
		33D22F3E1C769CE000C137B4 /* Build configuration list for PBXNativeTarget "Scavenger HuntTests" */ = {
			isa = XCConfigurationList;
			buildConfigurations = (
				33D22F3F1C769CE000C137B4 /* Debug */,
				33D22F401C769CE000C137B4 /* Release */,
			);
			defaultConfigurationIsVisible = 0;
		};
		33D22F411C769CE000C137B4 /* Build configuration list for PBXNativeTarget "Scavenger HuntUITests" */ = {
			isa = XCConfigurationList;
			buildConfigurations = (
				33D22F421C769CE000C137B4 /* Debug */,
				33D22F431C769CE000C137B4 /* Release */,
			);
			defaultConfigurationIsVisible = 0;
		};
/* End XCConfigurationList section */
	};
	rootObject = 33D22F0B1C769CE000C137B4 /* Project object */;
}
